
Microsoft Visual Studio Solution File, Format Version 12.00
# Visual Studio Version 17
VisualStudioVersion = 17.5.002.0
MinimumVisualStudioVersion = 10.0.40219.1
Project("{9A19103F-16F7-4668-BE54-9A1E7A4F7556}") = "testePratico", "testePratico\testePratico.csproj", "{9065E3D9-BA24-4E4B-9E64-0E1F1EA2060D}"
EndProject
Global
	GlobalSection(SolutionConfigurationPlatforms) = preSolution
		Debug|Any CPU = Debug|Any CPU
		Release|Any CPU = Release|Any CPU
	EndGlobalSection
	GlobalSection(ProjectConfigurationPlatforms) = postSolution
		{9065E3D9-BA24-4E4B-9E64-0E1F1EA2060D}.Debug|Any CPU.ActiveCfg = Debug|Any CPU
		{9065E3D9-BA24-4E4B-9E64-0E1F1EA2060D}.Debug|Any CPU.Build.0 = Debug|Any CPU
		{9065E3D9-BA24-4E4B-9E64-0E1F1EA2060D}.Release|Any CPU.ActiveCfg = Release|Any CPU
		{9065E3D9-BA24-4E4B-9E64-0E1F1EA2060D}.Release|Any CPU.Build.0 = Release|Any CPU
	EndGlobalSection
	GlobalSection(SolutionProperties) = preSolution
		HideSolutionNode = FALSE
	EndGlobalSection
	GlobalSection(ExtensibilityGlobals) = postSolution
		SolutionGuid = {857674CA-CAC7-4D9E-9F8A-B87E836C6F80}
	EndGlobalSection
EndGlobal
